
Microsoft Visual Studio Solution File, Format Version 12.00
# Visual Studio Version 17
VisualStudioVersion = 17.6.33829.357
MinimumVisualStudioVersion = 10.0.40219.1
Project("{8BC9CEB8-8B4A-11D0-8D11-00A0C91BC942}") = "ConsoleApplication1FINALeConnect", "ConsoleApplication1FINALeConnect\ConsoleApplication1FINALeConnect.vcxproj", "{58DFC0AB-ED6E-45D0-A825-52D6244B6D89}"
EndProject
Global
	GlobalSection(SolutionConfigurationPlatforms) = preSolution
		Debug|x64 = Debug|x64
		Debug|x86 = Debug|x86
		Release|x64 = Release|x64
		Release|x86 = Release|x86
	EndGlobalSection
	GlobalSection(ProjectConfigurationPlatforms) = postSolution
		{58DFC0AB-ED6E-45D0-A825-52D6244B6D89}.Debug|x64.ActiveCfg = Debug|x64
		{58DFC0AB-ED6E-45D0-A825-52D6244B6D89}.Debug|x64.Build.0 = Debug|x64
		{58DFC0AB-ED6E-45D0-A825-52D6244B6D89}.Debug|x86.ActiveCfg = Debug|Win32
		{58DFC0AB-ED6E-45D0-A825-52D6244B6D89}.Debug|x86.Build.0 = Debug|Win32
		{58DFC0AB-ED6E-45D0-A825-52D6244B6D89}.Release|x64.ActiveCfg = Release|x64
		{58DFC0AB-ED6E-45D0-A825-52D6244B6D89}.Release|x64.Build.0 = Release|x64
		{58DFC0AB-ED6E-45D0-A825-52D6244B6D89}.Release|x86.ActiveCfg = Release|Win32
		{58DFC0AB-ED6E-45D0-A825-52D6244B6D89}.Release|x86.Build.0 = Release|Win32
	EndGlobalSection
	GlobalSection(SolutionProperties) = preSolution
		HideSolutionNode = FALSE
	EndGlobalSection
	GlobalSection(ExtensibilityGlobals) = postSolution
		SolutionGuid = {E2F86954-4EA0-46F0-B5BE-E40A029F559B}
	EndGlobalSection
EndGlobal
